
Microsoft Visual Studio Solution File, Format Version 12.00
# Visual Studio Version 17
VisualStudioVersion = 17.4.33205.214
MinimumVisualStudioVersion = 10.0.40219.1
Project("{FAE04EC0-301F-11D3-BF4B-00C04F79EFBC}") = "schema", "schema\schema.csproj", "{423D058A-9769-4D8C-BFBC-3D326628DDAD}"
EndProject
Global
	GlobalSection(SolutionConfigurationPlatforms) = preSolution
		Debug|Any CPU = Debug|Any CPU
		Release|Any CPU = Release|Any CPU
	EndGlobalSection
	GlobalSection(ProjectConfigurationPlatforms) = postSolution
		{423D058A-9769-4D8C-BFBC-3D326628DDAD}.Debug|Any CPU.ActiveCfg = Debug|Any CPU
		{423D058A-9769-4D8C-BFBC-3D326628DDAD}.Debug|Any CPU.Build.0 = Debug|Any CPU
		{423D058A-9769-4D8C-BFBC-3D326628DDAD}.Release|Any CPU.ActiveCfg = Release|Any CPU
		{423D058A-9769-4D8C-BFBC-3D326628DDAD}.Release|Any CPU.Build.0 = Release|Any CPU
	EndGlobalSection
	GlobalSection(SolutionProperties) = preSolution
		HideSolutionNode = FALSE
	EndGlobalSection
	GlobalSection(ExtensibilityGlobals) = postSolution
		SolutionGuid = {215FEBD3-C256-4598-8206-E394081B1DC2}
	EndGlobalSection
EndGlobal
